{
  "version": 4,
  "terraform_version": "1.6.3",
  "serial": 474,
  "lineage": "dc06ac8e-f064-065b-8475-61a29fcc977a",
  "outputs": {},
  "resources": [
    {
      "module": "module.alert-policy",
      "mode": "managed",
      "type": "google_monitoring_alert_policy",
      "name": "nhatnd19-alert-policy",
      "provider": "provider[\"registry.terraform.io/hashicorp/google\"]",
      "instances": [
        {
          "schema_version": 0,
          "attributes": {
            "alert_strategy": [],
            "combiner": "OR",
            "conditions": [
              {
                "condition_absent": [],
                "condition_matched_log": [],
                "condition_monitoring_query_language": [],
                "condition_threshold": [
                  {
                    "aggregations": [
                      {
                        "alignment_period": "60s",
                        "cross_series_reducer": "",
                        "group_by_fields": null,
                        "per_series_aligner": "ALIGN_MEAN"
                      }
                    ],
                    "comparison": "COMPARISON_GT",
                    "denominator_aggregations": [],
                    "denominator_filter": "",
                    "duration": "0s",
                    "evaluation_missing_data": "",
                    "filter": "resource.type = \"autoscaler\" AND metric.type = \"autoscaler.googleapis.com/capacity\"",
                    "threshold_value": 2,
                    "trigger": [
                      {
                        "count": 1,
                        "percent": 0
                      }
                    ]
                  }
                ],
                "display_name": "VM Creation/Deletion Condition",
                "name": "projects/learning-cloud-with-fpt/alertPolicies/13799768444593622826/conditions/13799768444593621415"
              }
            ],
            "creation_record": [
              {
                "mutate_time": "2023-11-13T03:50:44.171643847Z",
                "mutated_by": "terraform-sa@learning-cloud-with-fpt.iam.gserviceaccount.com"
              }
            ],
            "display_name": "VM Creation/Deletion Alert",
            "documentation": [],
            "enabled": true,
            "id": "projects/learning-cloud-with-fpt/alertPolicies/13799768444593622826",
            "name": "projects/learning-cloud-with-fpt/alertPolicies/13799768444593622826",
            "notification_channels": [
              "projects/learning-cloud-with-fpt/notificationChannels/9248150815453225957"
            ],
            "project": "learning-cloud-with-fpt",
            "timeouts": null,
            "user_labels": null
          },
          "sensitive_attributes": [],
          "private": "eyJlMmJmYjczMC1lY2FhLTExZTYtOGY4OC0zNDM2M2JjN2M0YzAiOnsiY3JlYXRlIjoxMjAwMDAwMDAwMDAwLCJkZWxldGUiOjEyMDAwMDAwMDAwMDAsInVwZGF0ZSI6MTIwMDAwMDAwMDAwMH19",
          "dependencies": [
            "module.alert-policy.google_monitoring_notification_channel.nhatnd19-gmail_notification"
          ]
        }
      ]
    },
    {
      "module": "module.alert-policy",
      "mode": "managed",
      "type": "google_monitoring_notification_channel",
      "name": "nhatnd19-gmail_notification",
      "provider": "provider[\"registry.terraform.io/hashicorp/google\"]",
      "instances": [
        {
          "schema_version": 0,
          "attributes": {
            "description": "",
            "display_name": "Gmail Notification",
            "enabled": true,
            "force_delete": false,
            "id": "projects/learning-cloud-with-fpt/notificationChannels/9248150815453225957",
            "labels": {
              "email_address": "danielnhatng@gmail.com"
            },
            "name": "projects/learning-cloud-with-fpt/notificationChannels/9248150815453225957",
            "project": "learning-cloud-with-fpt",
            "sensitive_labels": [],
            "timeouts": null,
            "type": "email",
            "user_labels": null,
            "verification_status": ""
          },
          "sensitive_attributes": [],
          "private": "eyJlMmJmYjczMC1lY2FhLTExZTYtOGY4OC0zNDM2M2JjN2M0YzAiOnsiY3JlYXRlIjoxMjAwMDAwMDAwMDAwLCJkZWxldGUiOjEyMDAwMDAwMDAwMDAsInVwZGF0ZSI6MTIwMDAwMDAwMDAwMH19"
        }
      ]
    },
    {
      "module": "module.backend",
      "mode": "managed",
      "type": "google_compute_backend_service",
      "name": "nhatnd19-backend",
      "provider": "provider[\"registry.terraform.io/hashicorp/google\"]",
      "instances": [
        {
          "schema_version": 1,
          "attributes": {
            "affinity_cookie_ttl_sec": 0,
            "backend": [
              {
                "balancing_mode": "UTILIZATION",
                "capacity_scaler": 1,
                "description": "",
                "group": "https://www.googleapis.com/compute/v1/projects/learning-cloud-with-fpt/zones/asia-east2-b/instanceGroups/nhatnd19-instance-group",
                "max_connections": 0,
                "max_connections_per_endpoint": 0,
                "max_connections_per_instance": 0,
                "max_rate": 0,
                "max_rate_per_endpoint": 0,
                "max_rate_per_instance": 0,
                "max_utilization": 0.8
              }
            ],
            "cdn_policy": [],
            "circuit_breakers": [],
            "compression_mode": "",
            "connection_draining_timeout_sec": 300,
            "consistent_hash": [],
            "creation_timestamp": "2023-11-12T19:52:20.525-08:00",
            "custom_request_headers": null,
            "custom_response_headers": null,
            "description": "",
            "edge_security_policy": "",
            "enable_cdn": false,
            "fingerprint": "-onOyZicq4s=",
            "generated_id": -1141103717,
            "health_checks": [
              "projects/learning-cloud-with-fpt/global/healthChecks/nhatnd19-healthcheck"
            ],
            "iap": [],
            "id": "projects/learning-cloud-with-fpt/global/backendServices/nhatnd19-backend",
            "load_balancing_scheme": "EXTERNAL_MANAGED",
            "locality_lb_policy": "ROUND_ROBIN",
            "log_config": [
              {
                "enable": false,
                "sample_rate": 0
              }
            ],
            "name": "nhatnd19-backend",
            "outlier_detection": [],
            "port_name": "http",
            "project": "learning-cloud-with-fpt",
            "protocol": "HTTP",
            "security_policy": "",
            "security_settings": [],
            "self_link": "https://www.googleapis.com/compute/v1/projects/learning-cloud-with-fpt/global/backendServices/nhatnd19-backend",
            "session_affinity": "NONE",
            "timeout_sec": 30,
            "timeouts": null
          },
          "sensitive_attributes": [],
          "private": "eyJlMmJmYjczMC1lY2FhLTExZTYtOGY4OC0zNDM2M2JjN2M0YzAiOnsiY3JlYXRlIjoxMjAwMDAwMDAwMDAwLCJkZWxldGUiOjEyMDAwMDAwMDAwMDAsInVwZGF0ZSI6MTIwMDAwMDAwMDAwMH0sInNjaGVtYV92ZXJzaW9uIjoiMSJ9",
          "dependencies": [
            "module.healthcheck.google_compute_health_check.nhatnd19_healthcheck",
            "module.instance_group.google_compute_autoscaler.my_autoscaler",
            "module.instance_group.google_compute_instance_group_manager.nhatnd19-instance_group",
            "module.instance_template.google_compute_instance_template.my_instance_template",
            "module.network.google_compute_firewall.nhatnd19-allow-healthcheck",
            "module.network.google_compute_firewall.nhatnd19-allow-internal",
            "module.network.google_compute_firewall.nhatnd19-allow-ssh",
            "module.network.google_compute_network.vpc_network",
            "module.network.google_compute_subnetwork.subnetwork1"
          ]
        }
      ]
    },
    {
      "module": "module.forwardingrules",
      "mode": "managed",
      "type": "google_compute_forwarding_rule",
      "name": "nhatnd19_forwarding_rules",
      "provider": "provider[\"registry.terraform.io/hashicorp/google\"]",
      "instances": [
        {
          "schema_version": 0,
          "attributes": {
            "all_ports": false,
            "allow_global_access": false,
            "backend_service": "",
            "creation_timestamp": "2023-11-12T19:53:19.046-08:00",
            "description": "",
            "id": "projects/learning-cloud-with-fpt/regions/global/forwardingRules/nhatnd19-frontend",
            "ip_address": "35.241.55.92",
            "ip_protocol": "TCP",
            "is_mirroring_collector": false,
            "label_fingerprint": "42WmSpB8rSM=",
            "labels": null,
            "load_balancing_scheme": "EXTERNAL_MANAGED",
            "name": "nhatnd19-frontend",
            "network": "",
            "network_tier": "PREMIUM",
            "port_range": "80",
            "ports": null,
            "project": "learning-cloud-with-fpt",
            "psc_connection_id": "",
            "psc_connection_status": "",
            "region": "global",
            "self_link": "https://www.googleapis.com/compute/v1/projects/learning-cloud-with-fpt/global/forwardingRules/nhatnd19-frontend",
            "service_directory_registrations": [],
            "service_label": "",
            "service_name": "",
            "subnetwork": "",
            "target": "https://www.googleapis.com/compute/v1/projects/learning-cloud-with-fpt/global/targetHttpProxies/nhatnd19-target-proxy",
            "timeouts": null
          },
          "sensitive_attributes": [],
          "private": "eyJlMmJmYjczMC1lY2FhLTExZTYtOGY4OC0zNDM2M2JjN2M0YzAiOnsiY3JlYXRlIjoxMjAwMDAwMDAwMDAwLCJkZWxldGUiOjEyMDAwMDAwMDAwMDAsInVwZGF0ZSI6MTIwMDAwMDAwMDAwMH19",
          "dependencies": [
            "module.backend.google_compute_backend_service.nhatnd19-backend",
            "module.forwardingrules.google_compute_target_http_proxy.nhatnd19-proxy",
            "module.forwardingrules.google_compute_url_map.nhatnd19-url-map",
            "module.healthcheck.google_compute_health_check.nhatnd19_healthcheck",
            "module.instance_group.google_compute_autoscaler.my_autoscaler",
            "module.instance_group.google_compute_instance_group_manager.nhatnd19-instance_group",
            "module.instance_template.google_compute_instance_template.my_instance_template",
            "module.network.google_compute_firewall.nhatnd19-allow-healthcheck",
            "module.network.google_compute_firewall.nhatnd19-allow-internal",
            "module.network.google_compute_firewall.nhatnd19-allow-ssh",
            "module.network.google_compute_network.vpc_network",
            "module.network.google_compute_subnetwork.subnetwork1"
          ]
        }
      ]
    },
    {
      "module": "module.forwardingrules",
      "mode": "managed",
      "type": "google_compute_target_http_proxy",
      "name": "nhatnd19-proxy",
      "provider": "provider[\"registry.terraform.io/hashicorp/google\"]",
      "instances": [
        {
          "schema_version": 0,
          "attributes": {
            "creation_timestamp": "2023-11-12T19:53:06.503-08:00",
            "description": "",
            "id": "projects/learning-cloud-with-fpt/global/targetHttpProxies/nhatnd19-target-proxy",
            "name": "nhatnd19-target-proxy",
            "project": "learning-cloud-with-fpt",
            "proxy_bind": false,
            "proxy_id": -1141103795,
            "self_link": "https://www.googleapis.com/compute/v1/projects/learning-cloud-with-fpt/global/targetHttpProxies/nhatnd19-target-proxy",
            "timeouts": null,
            "url_map": "https://www.googleapis.com/compute/v1/projects/learning-cloud-with-fpt/global/urlMaps/nhatnd19-loadbalancer"
          },
          "sensitive_attributes": [],
          "private": "eyJlMmJmYjczMC1lY2FhLTExZTYtOGY4OC0zNDM2M2JjN2M0YzAiOnsiY3JlYXRlIjoxMjAwMDAwMDAwMDAwLCJkZWxldGUiOjEyMDAwMDAwMDAwMDAsInVwZGF0ZSI6MTIwMDAwMDAwMDAwMH19",
          "dependencies": [
            "module.backend.google_compute_backend_service.nhatnd19-backend",
            "module.forwardingrules.google_compute_url_map.nhatnd19-url-map",
            "module.healthcheck.google_compute_health_check.nhatnd19_healthcheck",
            "module.instance_group.google_compute_autoscaler.my_autoscaler",
            "module.instance_group.google_compute_instance_group_manager.nhatnd19-instance_group",
            "module.instance_template.google_compute_instance_template.my_instance_template",
            "module.network.google_compute_firewall.nhatnd19-allow-healthcheck",
            "module.network.google_compute_firewall.nhatnd19-allow-internal",
            "module.network.google_compute_firewall.nhatnd19-allow-ssh",
            "module.network.google_compute_network.vpc_network",
            "module.network.google_compute_subnetwork.subnetwork1"
          ]
        }
      ]
    },
    {
      "module": "module.forwardingrules",
      "mode": "managed",
      "type": "google_compute_url_map",
      "name": "nhatnd19-url-map",
      "provider": "provider[\"registry.terraform.io/hashicorp/google\"]",
      "instances": [
        {
          "schema_version": 0,
          "attributes": {
            "creation_timestamp": "2023-11-12T19:52:54.157-08:00",
            "default_route_action": [],
            "default_service": "https://www.googleapis.com/compute/v1/projects/learning-cloud-with-fpt/global/backendServices/nhatnd19-backend",
            "default_url_redirect": [],
            "description": "",
            "fingerprint": "Af21aoV0TCY=",
            "header_action": [],
            "host_rule": [],
            "id": "projects/learning-cloud-with-fpt/global/urlMaps/nhatnd19-loadbalancer",
            "map_id": -1141103750,
            "name": "nhatnd19-loadbalancer",
            "path_matcher": [],
            "project": "learning-cloud-with-fpt",
            "self_link": "https://www.googleapis.com/compute/v1/projects/learning-cloud-with-fpt/global/urlMaps/nhatnd19-loadbalancer",
            "test": [],
            "timeouts": null
          },
          "sensitive_attributes": [],
          "private": "eyJlMmJmYjczMC1lY2FhLTExZTYtOGY4OC0zNDM2M2JjN2M0YzAiOnsiY3JlYXRlIjoxMjAwMDAwMDAwMDAwLCJkZWxldGUiOjEyMDAwMDAwMDAwMDAsInVwZGF0ZSI6MTIwMDAwMDAwMDAwMH19",
          "dependencies": [
            "module.backend.google_compute_backend_service.nhatnd19-backend",
            "module.healthcheck.google_compute_health_check.nhatnd19_healthcheck",
            "module.instance_group.google_compute_autoscaler.my_autoscaler",
            "module.instance_group.google_compute_instance_group_manager.nhatnd19-instance_group",
            "module.instance_template.google_compute_instance_template.my_instance_template",
            "module.network.google_compute_firewall.nhatnd19-allow-healthcheck",
            "module.network.google_compute_firewall.nhatnd19-allow-internal",
            "module.network.google_compute_firewall.nhatnd19-allow-ssh",
            "module.network.google_compute_network.vpc_network",
            "module.network.google_compute_subnetwork.subnetwork1"
          ]
        }
      ]
    },
    {
      "module": "module.healthcheck",
      "mode": "managed",
      "type": "google_compute_health_check",
      "name": "nhatnd19_healthcheck",
      "provider": "provider[\"registry.terraform.io/hashicorp/google\"]",
      "instances": [
        {
          "schema_version": 0,
          "attributes": {
            "check_interval_sec": 5,
            "creation_timestamp": "2023-11-12T19:50:42.257-08:00",
            "description": "",
            "grpc_health_check": [],
            "healthy_threshold": 2,
            "http2_health_check": [],
            "http_health_check": [
              {
                "host": "",
                "port": 80,
                "port_name": "",
                "port_specification": "",
                "proxy_header": "NONE",
                "request_path": "/",
                "response": ""
              }
            ],
            "https_health_check": [],
            "id": "projects/learning-cloud-with-fpt/global/healthChecks/nhatnd19-healthcheck",
            "log_config": [
              {
                "enable": false
              }
            ],
            "name": "nhatnd19-healthcheck",
            "project": "learning-cloud-with-fpt",
            "self_link": "https://www.googleapis.com/compute/v1/projects/learning-cloud-with-fpt/global/healthChecks/nhatnd19-healthcheck",
            "ssl_health_check": [],
            "tcp_health_check": [],
            "timeout_sec": 5,
            "timeouts": null,
            "type": "HTTP",
            "unhealthy_threshold": 2
          },
          "sensitive_attributes": [],
          "private": "eyJlMmJmYjczMC1lY2FhLTExZTYtOGY4OC0zNDM2M2JjN2M0YzAiOnsiY3JlYXRlIjoxMjAwMDAwMDAwMDAwLCJkZWxldGUiOjEyMDAwMDAwMDAwMDAsInVwZGF0ZSI6MTIwMDAwMDAwMDAwMH19"
        }
      ]
    },
    {
      "module": "module.instance_group",
      "mode": "managed",
      "type": "google_compute_autoscaler",
      "name": "my_autoscaler",
      "provider": "provider[\"registry.terraform.io/hashicorp/google\"]",
      "instances": [
        {
          "schema_version": 0,
          "attributes": {
            "autoscaling_policy": [
              {
                "cooldown_period": 60,
                "cpu_utilization": [
                  {
                    "predictive_method": "NONE",
                    "target": 0.8
                  }
                ],
                "load_balancing_utilization": [
                  {
                    "target": 0.8
                  }
                ],
                "max_replicas": 4,
                "metric": [],
                "min_replicas": 2,
                "mode": "ON",
                "scale_in_control": [],
                "scaling_schedules": []
              }
            ],
            "creation_timestamp": "2023-11-12T19:52:06.706-08:00",
            "description": "",
            "id": "projects/learning-cloud-with-fpt/zones/asia-east2-b/autoscalers/nhatnd19-autoscaler",
            "name": "nhatnd19-autoscaler",
            "project": "learning-cloud-with-fpt",
            "self_link": "https://www.googleapis.com/compute/v1/projects/learning-cloud-with-fpt/zones/asia-east2-b/autoscalers/nhatnd19-autoscaler",
            "target": "https://www.googleapis.com/compute/v1/projects/learning-cloud-with-fpt/zones/asia-east2-b/instanceGroupManagers/nhatnd19-instance-group",
            "timeouts": null,
            "zone": "https://www.googleapis.com/compute/v1/projects/learning-cloud-with-fpt/zones/asia-east2-b"
          },
          "sensitive_attributes": [],
          "private": "eyJlMmJmYjczMC1lY2FhLTExZTYtOGY4OC0zNDM2M2JjN2M0YzAiOnsiY3JlYXRlIjoxMjAwMDAwMDAwMDAwLCJkZWxldGUiOjEyMDAwMDAwMDAwMDAsInVwZGF0ZSI6MTIwMDAwMDAwMDAwMH19",
          "dependencies": [
            "module.instance_group.google_compute_instance_group_manager.nhatnd19-instance_group",
            "module.instance_template.google_compute_instance_template.my_instance_template",
            "module.network.google_compute_firewall.nhatnd19-allow-healthcheck",
            "module.network.google_compute_firewall.nhatnd19-allow-internal",
            "module.network.google_compute_firewall.nhatnd19-allow-ssh",
            "module.network.google_compute_network.vpc_network",
            "module.network.google_compute_subnetwork.subnetwork1"
          ]
        }
      ]
    },
    {
      "module": "module.instance_group",
      "mode": "managed",
      "type": "google_compute_instance_group_manager",
      "name": "nhatnd19-instance_group",
      "provider": "provider[\"registry.terraform.io/hashicorp/google\"]",
      "instances": [
        {
          "schema_version": 0,
          "attributes": {
            "auto_healing_policies": [],
            "base_instance_name": "nhatnd19-instance-group",
            "description": "",
            "fingerprint": "8zCm-oLtyug=",
            "id": "projects/learning-cloud-with-fpt/zones/asia-east2-b/instanceGroupManagers/nhatnd19-instance-group",
            "instance_group": "https://www.googleapis.com/compute/v1/projects/learning-cloud-with-fpt/zones/asia-east2-b/instanceGroups/nhatnd19-instance-group",
            "list_managed_instances_results": "PAGELESS",
            "name": "nhatnd19-instance-group",
            "named_port": [
              {
                "name": "http",
                "port": 80
              }
            ],
            "operation": null,
            "project": "learning-cloud-with-fpt",
            "self_link": "https://www.googleapis.com/compute/v1/projects/learning-cloud-with-fpt/zones/asia-east2-b/instanceGroupManagers/nhatnd19-instance-group",
            "stateful_disk": [],
            "status": [
              {
                "is_stable": true,
                "stateful": [
                  {
                    "has_stateful_config": false,
                    "per_instance_configs": [
                      {
                        "all_effective": true
                      }
                    ]
                  }
                ],
                "version_target": [
                  {
                    "is_reached": true
                  }
                ]
              }
            ],
            "target_pools": null,
            "target_size": 0,
            "timeouts": null,
            "update_policy": [
              {
                "max_surge_fixed": 1,
                "max_surge_percent": 0,
                "max_unavailable_fixed": 1,
                "max_unavailable_percent": 0,
                "minimal_action": "REPLACE",
                "most_disruptive_allowed_action": "",
                "replacement_method": "SUBSTITUTE",
                "type": "OPPORTUNISTIC"
              }
            ],
            "version": [
              {
                "instance_template": "https://www.googleapis.com/compute/v1/projects/learning-cloud-with-fpt/global/instanceTemplates/my-instance-template",
                "name": "",
                "target_size": []
              }
            ],
            "wait_for_instances": false,
            "wait_for_instances_status": "STABLE",
            "zone": "asia-east2-b"
          },
          "sensitive_attributes": [],
          "private": "eyJlMmJmYjczMC1lY2FhLTExZTYtOGY4OC0zNDM2M2JjN2M0YzAiOnsiY3JlYXRlIjo5MDAwMDAwMDAwMDAsImRlbGV0ZSI6OTAwMDAwMDAwMDAwLCJ1cGRhdGUiOjkwMDAwMDAwMDAwMH19",
          "dependencies": [
            "module.instance_template.google_compute_instance_template.my_instance_template",
            "module.network.google_compute_firewall.nhatnd19-allow-healthcheck",
            "module.network.google_compute_firewall.nhatnd19-allow-internal",
            "module.network.google_compute_firewall.nhatnd19-allow-ssh",
            "module.network.google_compute_network.vpc_network",
            "module.network.google_compute_subnetwork.subnetwork1"
          ]
        }
      ]
    },
    {
      "module": "module.instance_template",
      "mode": "managed",
      "type": "google_compute_instance_template",
      "name": "my_instance_template",
      "provider": "provider[\"registry.terraform.io/hashicorp/google\"]",
      "instances": [
        {
          "schema_version": 1,
          "attributes": {
            "advanced_machine_features": [],
            "can_ip_forward": false,
            "confidential_instance_config": null,
            "description": "Instance template with Apache",
            "disk": [
              {
                "auto_delete": false,
                "boot": true,
                "device_name": "persistent-disk-0",
                "disk_encryption_key": [],
                "disk_name": "",
                "disk_size_gb": 0,
                "disk_type": "pd-standard",
                "interface": "SCSI",
                "labels": null,
                "mode": "READ_WRITE",
                "resource_policies": null,
                "source": "",
                "source_image": "projects/learning-cloud-with-fpt/global/images/ubuntu-nginx-image",
                "source_image_encryption_key": [],
                "source_snapshot": "",
                "source_snapshot_encryption_key": [],
                "type": "PERSISTENT"
              }
            ],
            "guest_accelerator": [],
            "id": "projects/learning-cloud-with-fpt/global/instanceTemplates/my-instance-template",
            "instance_description": "",
            "labels": null,
            "machine_type": "e2-micro",
            "metadata": {
              "startup-script": "#!/bin/bash\r\napt-get update\r\napt-get install -y apache2\r\nsystemctl start apache2\r\n"
            },
            "metadata_fingerprint": "isQYObPhyvY=",
            "metadata_startup_script": null,
            "min_cpu_platform": "",
            "name": "my-instance-template",
            "name_prefix": null,
            "network_interface": [
              {
                "access_config": [],
                "alias_ip_range": [],
                "ipv6_access_config": [],
                "ipv6_access_type": "",
                "name": "nic0",
                "network": "https://www.googleapis.com/compute/v1/projects/learning-cloud-with-fpt/global/networks/nhatnd19-vpc",
                "network_ip": "",
                "nic_type": "",
                "queue_count": 0,
                "stack_type": "",
                "subnetwork": "https://www.googleapis.com/compute/v1/projects/learning-cloud-with-fpt/regions/asia-east2/subnetworks/nhatnd19-vpc-asia-east2",
                "subnetwork_project": "learning-cloud-with-fpt"
              }
            ],
            "project": "learning-cloud-with-fpt",
            "region": "asia-east2",
            "reservation_affinity": [],
            "scheduling": [
              {
                "automatic_restart": true,
                "instance_termination_action": "",
                "min_node_cpus": 0,
                "node_affinities": [],
                "on_host_maintenance": "MIGRATE",
                "preemptible": false,
                "provisioning_model": "STANDARD"
              }
            ],
            "self_link": "https://www.googleapis.com/compute/v1/projects/learning-cloud-with-fpt/global/instanceTemplates/my-instance-template",
            "service_account": [],
            "shielded_instance_config": [],
            "tags": null,
            "tags_fingerprint": "",
            "timeouts": null
          },
          "sensitive_attributes": [],
          "private": "eyJlMmJmYjczMC1lY2FhLTExZTYtOGY4OC0zNDM2M2JjN2M0YzAiOnsiY3JlYXRlIjoyNDAwMDAwMDAwMDAsImRlbGV0ZSI6MjQwMDAwMDAwMDAwfSwic2NoZW1hX3ZlcnNpb24iOiIxIn0=",
          "dependencies": [
            "module.network.google_compute_firewall.nhatnd19-allow-healthcheck",
            "module.network.google_compute_firewall.nhatnd19-allow-internal",
            "module.network.google_compute_firewall.nhatnd19-allow-ssh",
            "module.network.google_compute_network.vpc_network",
            "module.network.google_compute_subnetwork.subnetwork1"
          ]
        }
      ]
    },
    {
      "module": "module.network",
      "mode": "managed",
      "type": "google_compute_firewall",
      "name": "nhatnd19-allow-healthcheck",
      "provider": "provider[\"registry.terraform.io/hashicorp/google\"]",
      "instances": [
        {
          "schema_version": 1,
          "attributes": {
            "allow": [
              {
                "ports": [
                  "80"
                ],
                "protocol": "tcp"
              }
            ],
            "creation_timestamp": "2023-11-12T19:51:04.750-08:00",
            "deny": [],
            "description": "",
            "destination_ranges": [],
            "direction": "INGRESS",
            "disabled": false,
            "enable_logging": null,
            "id": "projects/learning-cloud-with-fpt/global/firewalls/nhatnd19-allow-healthcheck",
            "log_config": [],
            "name": "nhatnd19-allow-healthcheck",
            "network": "https://www.googleapis.com/compute/v1/projects/learning-cloud-with-fpt/global/networks/nhatnd19-vpc",
            "priority": 1000,
            "project": "learning-cloud-with-fpt",
            "self_link": "https://www.googleapis.com/compute/v1/projects/learning-cloud-with-fpt/global/firewalls/nhatnd19-allow-healthcheck",
            "source_ranges": [
              "130.211.0.0/22",
              "35.191.0.0/16"
            ],
            "source_service_accounts": null,
            "source_tags": null,
            "target_service_accounts": null,
            "target_tags": null,
            "timeouts": null
          },
          "sensitive_attributes": [],
          "private": "eyJlMmJmYjczMC1lY2FhLTExZTYtOGY4OC0zNDM2M2JjN2M0YzAiOnsiY3JlYXRlIjoxMjAwMDAwMDAwMDAwLCJkZWxldGUiOjEyMDAwMDAwMDAwMDAsInVwZGF0ZSI6MTIwMDAwMDAwMDAwMH0sInNjaGVtYV92ZXJzaW9uIjoiMSJ9",
          "dependencies": [
            "module.network.google_compute_network.vpc_network"
          ]
        }
      ]
    },
    {
      "module": "module.network",
      "mode": "managed",
      "type": "google_compute_firewall",
      "name": "nhatnd19-allow-internal",
      "provider": "provider[\"registry.terraform.io/hashicorp/google\"]",
      "instances": [
        {
          "schema_version": 1,
          "attributes": {
            "allow": [
              {
                "ports": [
                  "22",
                  "80",
                  "443"
                ],
                "protocol": "tcp"
              }
            ],
            "creation_timestamp": "2023-11-12T19:51:04.831-08:00",
            "deny": [],
            "description": "",
            "destination_ranges": [],
            "direction": "INGRESS",
            "disabled": false,
            "enable_logging": null,
            "id": "projects/learning-cloud-with-fpt/global/firewalls/nhatnd19-allow-internal",
            "log_config": [],
            "name": "nhatnd19-allow-internal",
            "network": "https://www.googleapis.com/compute/v1/projects/learning-cloud-with-fpt/global/networks/nhatnd19-vpc",
            "priority": 1000,
            "project": "learning-cloud-with-fpt",
            "self_link": "https://www.googleapis.com/compute/v1/projects/learning-cloud-with-fpt/global/firewalls/nhatnd19-allow-internal",
            "source_ranges": [
              "10.170.0.0/20"
            ],
            "source_service_accounts": null,
            "source_tags": null,
            "target_service_accounts": null,
            "target_tags": null,
            "timeouts": null
          },
          "sensitive_attributes": [],
          "private": "eyJlMmJmYjczMC1lY2FhLTExZTYtOGY4OC0zNDM2M2JjN2M0YzAiOnsiY3JlYXRlIjoxMjAwMDAwMDAwMDAwLCJkZWxldGUiOjEyMDAwMDAwMDAwMDAsInVwZGF0ZSI6MTIwMDAwMDAwMDAwMH0sInNjaGVtYV92ZXJzaW9uIjoiMSJ9",
          "dependencies": [
            "module.network.google_compute_network.vpc_network"
          ]
        }
      ]
    },
    {
      "module": "module.network",
      "mode": "managed",
      "type": "google_compute_firewall",
      "name": "nhatnd19-allow-ssh",
      "provider": "provider[\"registry.terraform.io/hashicorp/google\"]",
      "instances": [
        {
          "schema_version": 1,
          "attributes": {
            "allow": [
              {
                "ports": [
                  "22"
                ],
                "protocol": "tcp"
              }
            ],
            "creation_timestamp": "2023-11-12T19:51:04.959-08:00",
            "deny": [],
            "description": "",
            "destination_ranges": [],
            "direction": "INGRESS",
            "disabled": false,
            "enable_logging": null,
            "id": "projects/learning-cloud-with-fpt/global/firewalls/nhatnd19-allow-ssh",
            "log_config": [],
            "name": "nhatnd19-allow-ssh",
            "network": "https://www.googleapis.com/compute/v1/projects/learning-cloud-with-fpt/global/networks/nhatnd19-vpc",
            "priority": 1000,
            "project": "learning-cloud-with-fpt",
            "self_link": "https://www.googleapis.com/compute/v1/projects/learning-cloud-with-fpt/global/firewalls/nhatnd19-allow-ssh",
            "source_ranges": [
              "35.235.240.0/20"
            ],
            "source_service_accounts": null,
            "source_tags": null,
            "target_service_accounts": null,
            "target_tags": null,
            "timeouts": null
          },
          "sensitive_attributes": [],
          "private": "eyJlMmJmYjczMC1lY2FhLTExZTYtOGY4OC0zNDM2M2JjN2M0YzAiOnsiY3JlYXRlIjoxMjAwMDAwMDAwMDAwLCJkZWxldGUiOjEyMDAwMDAwMDAwMDAsInVwZGF0ZSI6MTIwMDAwMDAwMDAwMH0sInNjaGVtYV92ZXJzaW9uIjoiMSJ9",
          "dependencies": [
            "module.network.google_compute_network.vpc_network"
          ]
        }
      ]
    },
    {
      "module": "module.network",
      "mode": "managed",
      "type": "google_compute_network",
      "name": "vpc_network",
      "provider": "provider[\"registry.terraform.io/hashicorp/google\"]",
      "instances": [
        {
          "schema_version": 0,
          "attributes": {
            "auto_create_subnetworks": false,
            "delete_default_routes_on_create": false,
            "description": "my vpc",
            "enable_ula_internal_ipv6": false,
            "gateway_ipv4": "",
            "id": "projects/learning-cloud-with-fpt/global/networks/nhatnd19-vpc",
            "internal_ipv6_range": "",
            "mtu": 0,
            "name": "nhatnd19-vpc",
            "project": "learning-cloud-with-fpt",
            "routing_mode": "REGIONAL",
            "self_link": "https://www.googleapis.com/compute/v1/projects/learning-cloud-with-fpt/global/networks/nhatnd19-vpc",
            "timeouts": null
          },
          "sensitive_attributes": [],
          "private": "eyJlMmJmYjczMC1lY2FhLTExZTYtOGY4OC0zNDM2M2JjN2M0YzAiOnsiY3JlYXRlIjoxMjAwMDAwMDAwMDAwLCJkZWxldGUiOjEyMDAwMDAwMDAwMDAsInVwZGF0ZSI6MTIwMDAwMDAwMDAwMH19"
        }
      ]
    },
    {
      "module": "module.network",
      "mode": "managed",
      "type": "google_compute_subnetwork",
      "name": "subnetwork1",
      "provider": "provider[\"registry.terraform.io/hashicorp/google\"]",
      "instances": [
        {
          "schema_version": 0,
          "attributes": {
            "creation_timestamp": "2023-11-12T19:51:05.698-08:00",
            "description": "my subnet",
            "external_ipv6_prefix": "",
            "fingerprint": null,
            "gateway_address": "10.170.0.1",
            "id": "projects/learning-cloud-with-fpt/regions/asia-east2/subnetworks/nhatnd19-vpc-asia-east2",
            "ip_cidr_range": "10.170.0.0/20",
            "ipv6_access_type": "",
            "ipv6_cidr_range": "",
            "log_config": [],
            "name": "nhatnd19-vpc-asia-east2",
            "network": "https://www.googleapis.com/compute/v1/projects/learning-cloud-with-fpt/global/networks/nhatnd19-vpc",
            "private_ip_google_access": false,
            "private_ipv6_google_access": "DISABLE_GOOGLE_ACCESS",
            "project": "learning-cloud-with-fpt",
            "purpose": "PRIVATE",
            "region": "asia-east2",
            "role": "",
            "secondary_ip_range": [],
            "self_link": "https://www.googleapis.com/compute/v1/projects/learning-cloud-with-fpt/regions/asia-east2/subnetworks/nhatnd19-vpc-asia-east2",
            "stack_type": "IPV4_ONLY",
            "timeouts": null
          },
          "sensitive_attributes": [],
          "private": "eyJlMmJmYjczMC1lY2FhLTExZTYtOGY4OC0zNDM2M2JjN2M0YzAiOnsiY3JlYXRlIjoxMjAwMDAwMDAwMDAwLCJkZWxldGUiOjEyMDAwMDAwMDAwMDAsInVwZGF0ZSI6MTIwMDAwMDAwMDAwMH19",
          "dependencies": [
            "module.network.google_compute_network.vpc_network"
          ]
        }
      ]
    }
  ],
  "check_results": null
}
